
Microsoft Visual Studio Solution File, Format Version 12.00
# Visual Studio Version 16
VisualStudioVersion = 16.0.810.8
MinimumVisualStudioVersion = 10.0.40219.1
Project("{FAE04EC0-301F-11D3-BF4B-00C04F79EFBC}") = "Biblioteca", "ValidadorDeRango\Biblioteca.csproj", "{F229D5C0-AB8F-45C7-A05C-0EB6B40951F2}"
EndProject
Project("{FAE04EC0-301F-11D3-BF4B-00C04F79EFBC}") = "Consola", "PedidosAlUsuario\Consola.csproj", "{689AD60D-3B56-4A49-B12D-A85BD8350366}"
EndProject
Global
	GlobalSection(SolutionConfigurationPlatforms) = preSolution
		Debug|Any CPU = Debug|Any CPU
		Release|Any CPU = Release|Any CPU
	EndGlobalSection
	GlobalSection(ProjectConfigurationPlatforms) = postSolution
		{F229D5C0-AB8F-45C7-A05C-0EB6B40951F2}.Debug|Any CPU.ActiveCfg = Debug|Any CPU
		{F229D5C0-AB8F-45C7-A05C-0EB6B40951F2}.Debug|Any CPU.Build.0 = Debug|Any CPU
		{F229D5C0-AB8F-45C7-A05C-0EB6B40951F2}.Release|Any CPU.ActiveCfg = Release|Any CPU
		{F229D5C0-AB8F-45C7-A05C-0EB6B40951F2}.Release|Any CPU.Build.0 = Release|Any CPU
		{689AD60D-3B56-4A49-B12D-A85BD8350366}.Debug|Any CPU.ActiveCfg = Debug|Any CPU
		{689AD60D-3B56-4A49-B12D-A85BD8350366}.Debug|Any CPU.Build.0 = Debug|Any CPU
		{689AD60D-3B56-4A49-B12D-A85BD8350366}.Release|Any CPU.ActiveCfg = Release|Any CPU
		{689AD60D-3B56-4A49-B12D-A85BD8350366}.Release|Any CPU.Build.0 = Release|Any CPU
	EndGlobalSection
	GlobalSection(SolutionProperties) = preSolution
		HideSolutionNode = FALSE
	EndGlobalSection
	GlobalSection(ExtensibilityGlobals) = postSolution
		SolutionGuid = {3201682B-8406-47BD-B1F9-4030B53E9229}
	EndGlobalSection
EndGlobal
